
Microsoft Visual Studio Solution File, Format Version 12.00
# Visual Studio Version 16
VisualStudioVersion = 16.0.29613.14
MinimumVisualStudioVersion = 10.0.40219.1
Project("{FAE04EC0-301F-11D3-BF4B-00C04F79EFBC}") = "CSGO Case Calculator", "CSGO Case Calculator\CSGO Case Calculator.csproj", "{99F30155-32B4-4475-9C5C-73E169EAE0EA}"
EndProject
Global
	GlobalSection(SolutionConfigurationPlatforms) = preSolution
		Debug|Any CPU = Debug|Any CPU
		Release|Any CPU = Release|Any CPU
	EndGlobalSection
	GlobalSection(ProjectConfigurationPlatforms) = postSolution
		{99F30155-32B4-4475-9C5C-73E169EAE0EA}.Debug|Any CPU.ActiveCfg = Debug|Any CPU
		{99F30155-32B4-4475-9C5C-73E169EAE0EA}.Debug|Any CPU.Build.0 = Debug|Any CPU
		{99F30155-32B4-4475-9C5C-73E169EAE0EA}.Release|Any CPU.ActiveCfg = Release|Any CPU
		{99F30155-32B4-4475-9C5C-73E169EAE0EA}.Release|Any CPU.Build.0 = Release|Any CPU
	EndGlobalSection
	GlobalSection(SolutionProperties) = preSolution
		HideSolutionNode = FALSE
	EndGlobalSection
	GlobalSection(ExtensibilityGlobals) = postSolution
		SolutionGuid = {11F888EB-DC89-4594-BD50-C129F02CC032}
	EndGlobalSection
EndGlobal
